PODS:
  - SwiftFormat/CLI (0.46.3)
  - SwiftGen (6.1.0)

DEPENDENCIES:
  - SwiftFormat/CLI
  - SwiftGen (~> 6.0)

SPEC REPOS:
  trunk:
    - SwiftFormat
    - SwiftGen

SPEC CHECKSUMS:
  SwiftFormat: b639417da9e024b9e782f917bc9a080cf75bcb37
  SwiftGen: f872ca75cbd17bf7103c17f13dcfa0d9a15667b0

PODFILE CHECKSUM: fc4e7084ddbf49cbf051c011234339f3c13c3180

COCOAPODS: 1.9.3
