PODS:
  - Sparkle (1.26.0)
  - SwiftFormat/CLI (0.47.12)
  - SwiftGen (6.4.0)

DEPENDENCIES:
  - Sparkle
  - SwiftFormat/CLI
  - SwiftGen (~> 6.0)

SPEC REPOS:
  trunk:
    - Sparkle
    - SwiftFormat
    - SwiftGen

SPEC CHECKSUMS:
  Sparkle: d56d028f4b0c123577825f5d1004f6140d77f90e
  SwiftFormat: 68cac6de69aafb44b60ae49a919600966b0dcabe
  SwiftGen: 67860cc7c3cfc2ed25b9b74cfd55495fc89f9108

PODFILE CHECKSUM: 71637b0bdf86c476e52e6a5b60330d9c9b093ef8

COCOAPODS: 1.10.1
