PODS:
  - Sparkle (1.23.0)
  - SwiftGen (6.1.0)

DEPENDENCIES:
  - Sparkle
  - SwiftGen (~> 6.0)

SPEC REPOS:
  trunk:
    - Sparkle
    - SwiftGen

SPEC CHECKSUMS:
  Sparkle: 55b1a87ba69d56913375a281546b7c82dec95bb0
  SwiftGen: f872ca75cbd17bf7103c17f13dcfa0d9a15667b0

PODFILE CHECKSUM: 2294b7df781e618844563efa885658d267a9e5c5

COCOAPODS: 1.9.1
