{
  "object": {
    "pins": [
      {
        "package": "License",
        "repositoryURL": "https://github.com/intitni/AbnormalMouseLicense",
        "state": {
          "branch": "master",
          "revision": "fe24110147e1317536d049c1071ee4e3306ef856",
          "version": null
        }
      },
      {
        "package": "CGEventOverride",
        "repositoryURL": "https://github.com/intitni/CGEventOverride.git",
        "state": {
          "branch": "master",
          "revision": "85c93c4f0d0af185789126024cc3b3266ff09eb0",
          "version": null
        }
      },
      {
        "package": "combine-schedulers",
        "repositoryURL": "https://github.com/pointfreeco/combine-schedulers",
        "state": {
          "branch": null,
          "revision": "ff42ec9061d864de7982162011321d3df5080c10",
          "version": "0.1.2"
        }
      },
      {
        "package": "CombineExt",
        "repositoryURL": "https://github.com/CombineCommunity/CombineExt",
        "state": {
          "branch": null,
          "revision": "6664678135c6aec049c887a51c9da2545f184882",
          "version": "1.2.0"
        }
      },
      {
        "package": "KeychainAccess",
        "repositoryURL": "https://github.com/kishikawakatsumi/KeychainAccess",
        "state": {
          "branch": null,
          "revision": "654d52d30f3dd4592e944c3e0bccb53178c992f6",
          "version": "4.2.1"
        }
      },
      {
        "package": "swift-case-paths",
        "repositoryURL": "https://github.com/pointfreeco/swift-case-paths",
        "state": {
          "branch": null,
          "revision": "ed1838ab4fa5d47db8aa640736dd5b7672548873",
          "version": "0.1.2"
        }
      },
      {
        "package": "swift-composable-architecture",
        "repositoryURL": "https://github.com/pointfreeco/swift-composable-architecture",
        "state": {
          "branch": null,
          "revision": "47a9d368d1f314a630bf91b71acfb5054420eeb3",
          "version": "0.8.0"
        }
      }
    ]
  },
  "version": 1
}
